PODS:
  - AcknowledgementsPlist (0.0.2)
  - AttributedLabel (2.0.0)
  - Reusable (4.0.3):
    - Reusable/Storyboard (= 4.0.3)
    - Reusable/View (= 4.0.3)
  - Reusable/Storyboard (4.0.3)
  - Reusable/View (4.0.3)

DEPENDENCIES:
  - AcknowledgementsPlist (= 0.0.2)
  - AttributedLabel (= 2.0.0)
  - Reusable (= 4.0.3)

SPEC REPOS:
  https://github.com/cocoapods/specs.git:
    - AcknowledgementsPlist
    - AttributedLabel
    - Reusable

SPEC CHECKSUMS:
  AcknowledgementsPlist: 9461c737c39040ec6f6c83f7083c0bca55c889eb
  AttributedLabel: df810dfc5c27fa9bb3109dd8a20cf23dd654f007
  Reusable: 12b67a60e1f3e8c523cc910795dab733f58fbc7e

PODFILE CHECKSUM: 44ebafd30492e1241c36ade6b71209b22e6c7874

COCOAPODS: 1.5.3
