PODS:
  - AcknowledgementsPlist (0.0.4)
  - AttributedLabel (2.0.0)
  - Reusable (4.0.5):
    - Reusable/Storyboard (= 4.0.5)
    - Reusable/View (= 4.0.5)
  - Reusable/Storyboard (4.0.5)
  - Reusable/View (4.0.5)

DEPENDENCIES:
  - AcknowledgementsPlist (= 0.0.4)
  - AttributedLabel (= 2.0.0)
  - Reusable (= 4.0.5)

SPEC REPOS:
  https://github.com/cocoapods/specs.git:
    - AcknowledgementsPlist
    - AttributedLabel
    - Reusable

SPEC CHECKSUMS:
  AcknowledgementsPlist: e56d9ffe1090bbfecbd2d5d95d1bfd88fd8b8c02
  AttributedLabel: df810dfc5c27fa9bb3109dd8a20cf23dd654f007
  Reusable: 188be1a54ac0691bc66e5bb24ec6eb91971b315b

PODFILE CHECKSUM: 0b8c2024c848067688dd3eab251890845c1cd451

COCOAPODS: 1.6.1
